
Microsoft Visual Studio Solution File, Format Version 12.00
# Visual Studio Version 17
VisualStudioVersion = 17.8.34408.163
MinimumVisualStudioVersion = 10.0.40219.1
Project("{9A19103F-16F7-4668-BE54-9A1E7A4F7556}") = "AlgorandAuth", "AlgorandAuth.csproj", "{89A9137F-0B67-4BBE-B36B-3C9C96D93322}"
EndProject
Global
	GlobalSection(SolutionConfigurationPlatforms) = preSolution
		Debug|Any CPU = Debug|Any CPU
		Release|Any CPU = Release|Any CPU
	EndGlobalSection
	GlobalSection(ProjectConfigurationPlatforms) = postSolution
		{89A9137F-0B67-4BBE-B36B-3C9C96D93322}.Debug|Any CPU.ActiveCfg = Debug|Any CPU
		{89A9137F-0B67-4BBE-B36B-3C9C96D93322}.Debug|Any CPU.Build.0 = Debug|Any CPU
		{89A9137F-0B67-4BBE-B36B-3C9C96D93322}.Release|Any CPU.ActiveCfg = Release|Any CPU
		{89A9137F-0B67-4BBE-B36B-3C9C96D93322}.Release|Any CPU.Build.0 = Release|Any CPU
	EndGlobalSection
	GlobalSection(SolutionProperties) = preSolution
		HideSolutionNode = FALSE
	EndGlobalSection
	GlobalSection(ExtensibilityGlobals) = postSolution
		SolutionGuid = {F5E7EFB2-67A0-4678-ADF0-8076652FBE0D}
	EndGlobalSection
EndGlobal
